
Microsoft Visual Studio Solution File, Format Version 12.00
# Visual Studio Version 16
VisualStudioVersion = 16.0.31005.135
MinimumVisualStudioVersion = 10.0.40219.1
Project("{FAE04EC0-301F-11D3-BF4B-00C04F79EFBC}") = "Windows", "Windows.csproj", "{8E2D612B-3E34-4ADD-84CC-FF3868538B67}"
EndProject
Project("{FAE04EC0-301F-11D3-BF4B-00C04F79EFBC}") = "ClassLibrary", "ClassLibrary1\ClassLibrary.csproj", "{FB5B0E0A-6A29-45CA-8930-24A43EF8FBCD}"
EndProject
Global
	GlobalSection(SolutionConfigurationPlatforms) = preSolution
		Debug|Any CPU = Debug|Any CPU
		Release|Any CPU = Release|Any CPU
	EndGlobalSection
	GlobalSection(ProjectConfigurationPlatforms) = postSolution
		{8E2D612B-3E34-4ADD-84CC-FF3868538B67}.Debug|Any CPU.ActiveCfg = Debug|Any CPU
		{8E2D612B-3E34-4ADD-84CC-FF3868538B67}.Debug|Any CPU.Build.0 = Debug|Any CPU
		{8E2D612B-3E34-4ADD-84CC-FF3868538B67}.Release|Any CPU.ActiveCfg = Release|Any CPU
		{8E2D612B-3E34-4ADD-84CC-FF3868538B67}.Release|Any CPU.Build.0 = Release|Any CPU
		{FB5B0E0A-6A29-45CA-8930-24A43EF8FBCD}.Debug|Any CPU.ActiveCfg = Debug|Any CPU
		{FB5B0E0A-6A29-45CA-8930-24A43EF8FBCD}.Debug|Any CPU.Build.0 = Debug|Any CPU
		{FB5B0E0A-6A29-45CA-8930-24A43EF8FBCD}.Release|Any CPU.ActiveCfg = Release|Any CPU
		{FB5B0E0A-6A29-45CA-8930-24A43EF8FBCD}.Release|Any CPU.Build.0 = Release|Any CPU
	EndGlobalSection
	GlobalSection(SolutionProperties) = preSolution
		HideSolutionNode = FALSE
	EndGlobalSection
	GlobalSection(ExtensibilityGlobals) = postSolution
		SolutionGuid = {FDAEFA3E-052B-4B94-AD2A-CDC3BA218C48}
	EndGlobalSection
EndGlobal
